PODS:
  - AppCheckCore (11.2.0):
    - GoogleUtilities/Environment (~> 8.0)
    - GoogleUtilities/UserDefaults (~> 8.0)
    - PromisesObjC (~> 2.4)
  - file_picker (0.0.1):
    - FlutterMacOS
  - Firebase/AppCheck (12.12.1):
    - Firebase/CoreOnly
    - FirebaseAppCheck (~> 12.12.0)
  - Firebase/Auth (12.12.1):
    - Firebase/CoreOnly
    - FirebaseAuth (~> 12.12.0)
  - Firebase/CoreOnly (12.12.1):
    - FirebaseCore (~> 12.12.1)
  - firebase_ai (3.11.0):
    - FlutterMacOS
  - firebase_app_check (0.4.3):
    - Firebase/AppCheck (~> 12.12.0)
    - Firebase/CoreOnly (~> 12.12.0)
    - firebase_core
    - FlutterMacOS
  - firebase_auth (6.4.0):
    - Firebase/Auth (~> 12.12.0)
    - Firebase/CoreOnly (~> 12.12.0)
    - firebase_core
    - FlutterMacOS
  - firebase_core (4.7.0):
    - Firebase/CoreOnly (~> 12.12.0)
    - FlutterMacOS
  - FirebaseAppCheck (12.12.0):
    - AppCheckCore (~> 11.0)
    - FirebaseAppCheckInterop (~> 12.12.0)
    - FirebaseCore (~> 12.12.0)
    - GoogleUtilities/Environment (~> 8.1)
    - GoogleUtilities/UserDefaults (~> 8.1)
  - FirebaseAppCheckInterop (12.12.0)
  - FirebaseAuth (12.12.0):
    - FirebaseAppCheckInterop (~> 12.12.0)
    - FirebaseAuthInterop (~> 12.12.0)
    - FirebaseCore (~> 12.12.0)
    - FirebaseCoreExtension (~> 12.12.0)
    - GoogleUtilities/AppDelegateSwizzler (~> 8.1)
    - GoogleUtilities/Environment (~> 8.1)
    - GTMSessionFetcher/Core (< 6.0, >= 3.4)
    - RecaptchaInterop (~> 101.0)
  - FirebaseAuthInterop (12.12.0)
  - FirebaseCore (12.12.1):
    - FirebaseCoreInternal (~> 12.12.0)
    - GoogleUtilities/Environment (~> 8.1)
    - GoogleUtilities/Logger (~> 8.1)
  - FirebaseCoreExtension (12.12.0):
    - FirebaseCore (~> 12.12.0)
  - FirebaseCoreInternal (12.12.0):
    - "GoogleUtilities/NSData+zlib (~> 8.1)"
  - FlutterMacOS (1.0.0)
  - GoogleUtilities/AppDelegateSwizzler (8.1.0):
    - GoogleUtilities/Environment
    - GoogleUtilities/Logger
    - GoogleUtilities/Network
    - GoogleUtilities/Privacy
  - GoogleUtilities/Environment (8.1.0):
    - GoogleUtilities/Privacy
  - GoogleUtilities/Logger (8.1.0):
    - GoogleUtilities/Environment
    - GoogleUtilities/Privacy
  - GoogleUtilities/Network (8.1.0):
    - GoogleUtilities/Logger
    - "GoogleUtilities/NSData+zlib"
    - GoogleUtilities/Privacy
    - GoogleUtilities/Reachability
  - "GoogleUtilities/NSData+zlib (8.1.0)":
    - GoogleUtilities/Privacy
  - GoogleUtilities/Privacy (8.1.0)
  - GoogleUtilities/Reachability (8.1.0):
    - GoogleUtilities/Logger
    - GoogleUtilities/Privacy
  - GoogleUtilities/UserDefaults (8.1.0):
    - GoogleUtilities/Logger
    - GoogleUtilities/Privacy
  - GTMSessionFetcher/Core (5.2.0)
  - path_provider_foundation (0.0.1):
    - Flutter
    - FlutterMacOS
  - PromisesObjC (2.4.0)
  - shared_preferences_foundation (0.0.1):
    - Flutter
    - FlutterMacOS
  - sqflite_darwin (0.0.4):
    - Flutter
    - FlutterMacOS

DEPENDENCIES:
  - file_picker (from `Flutter/ephemeral/.symlinks/plugins/file_picker/macos`)
  - firebase_ai (from `Flutter/ephemeral/.symlinks/plugins/firebase_ai/macos`)
  - firebase_app_check (from `Flutter/ephemeral/.symlinks/plugins/firebase_app_check/macos`)
  - firebase_auth (from `Flutter/ephemeral/.symlinks/plugins/firebase_auth/macos`)
  - firebase_core (from `Flutter/ephemeral/.symlinks/plugins/firebase_core/macos`)
  - FlutterMacOS (from `Flutter/ephemeral`)
  - path_provider_foundation (from `Flutter/ephemeral/.symlinks/plugins/path_provider_foundation/darwin`)
  - shared_preferences_foundation (from `Flutter/ephemeral/.symlinks/plugins/shared_preferences_foundation/darwin`)
  - sqflite_darwin (from `Flutter/ephemeral/.symlinks/plugins/sqflite_darwin/darwin`)

SPEC REPOS:
  trunk:
    - AppCheckCore
    - Firebase
    - FirebaseAppCheck
    - FirebaseAppCheckInterop
    - FirebaseAuth
    - FirebaseAuthInterop
    - FirebaseCore
    - FirebaseCoreExtension
    - FirebaseCoreInternal
    - GoogleUtilities
    - GTMSessionFetcher
    - PromisesObjC

EXTERNAL SOURCES:
  file_picker:
    :path: Flutter/ephemeral/.symlinks/plugins/file_picker/macos
  firebase_ai:
    :path: Flutter/ephemeral/.symlinks/plugins/firebase_ai/macos
  firebase_app_check:
    :path: Flutter/ephemeral/.symlinks/plugins/firebase_app_check/macos
  firebase_auth:
    :path: Flutter/ephemeral/.symlinks/plugins/firebase_auth/macos
  firebase_core:
    :path: Flutter/ephemeral/.symlinks/plugins/firebase_core/macos
  FlutterMacOS:
    :path: Flutter/ephemeral
  path_provider_foundation:
    :path: Flutter/ephemeral/.symlinks/plugins/path_provider_foundation/darwin
  shared_preferences_foundation:
    :path: Flutter/ephemeral/.symlinks/plugins/shared_preferences_foundation/darwin
  sqflite_darwin:
    :path: Flutter/ephemeral/.symlinks/plugins/sqflite_darwin/darwin

SPEC CHECKSUMS:
  AppCheckCore: cc8fd0a3a230ddd401f326489c99990b013f0c4f
  file_picker: e716a70a9fe5fd9e09ebc922d7541464289443af
  Firebase: 14f11e91129d246a8a6166b4c1c2ea61b56806ec
  firebase_ai: 7d15f5d7c846275156755278c996b99e35003c5d
  firebase_app_check: 941d0eb2fa856313a9a042bca31d7ec3a77387d7
  firebase_auth: c0e8bb554e0b4eec1e1591c48368df9ac7071fdf
  firebase_core: 0c41d3862ed4c5b0f514926bb955ef986cff3e16
  FirebaseAppCheck: 0194af00329809d8ce918b5244edc18edbd5b4e0
  FirebaseAppCheckInterop: c63ae0d003274f145174849c545ab861593beaf9
  FirebaseAuth: bcfebbc0ca055a6335f2252a90e57363d7ea5e65
  FirebaseAuthInterop: 917aa3a17ecf144d5f1823b51ef372da06909a4b
  FirebaseCore: 86241206e656f5c80c995e370e6c975913b9b284
  FirebaseCoreExtension: ff6fd42eb5287e71d3e160450de6509733d9ead7
  FirebaseCoreInternal: 7c12fc3011d889085e765e317d7b9fd1cef97af9
  FlutterMacOS: d0db08ddef1a9af05a5ec4b724367152bb0500b1
  GoogleUtilities: 00c88b9a86066ef77f0da2fab05f65d7768ed8e1
  GTMSessionFetcher: 904bdd2a82c635bcd6f44edf94cc8775c5d1d6e6
  path_provider_foundation: 0b743cbb62d8e47eab856f09262bb8c1ddcfe6ba
  PromisesObjC: f5707f49cb48b9636751c5b2e7d227e43fba9f47
  shared_preferences_foundation: 5086985c1d43c5ba4d5e69a4e8083a389e2909e6
  sqflite_darwin: 5a7236e3b501866c1c9befc6771dfd73ffb8702d

PODFILE CHECKSUM: 22f90997cdeb2156ed6da192c338a09a873280c1

COCOAPODS: 1.16.2
